<?xml version="1.0" encoding="utf-8"?>
<Project ToolsVersion="4.0" xmlns="http://schemas.microsoft.com/developer/msbuild/2003">
  <ItemGroup>
    <Filter Include="源文件">
      <UniqueIdentifier>{4FC737F1-C7A5-4376-A066-2A32D752A2FF}</UniqueIdentifier>
      <Extensions>cpp;c;cc;cxx;c++;cppm;ixx;def;odl;idl;hpj;bat;asm;asmx</Extensions>
    </Filter>
    <Filter Include="头文件">
      <UniqueIdentifier>{93995380-89BD-4b04-88EB-625FBE52EBFB}</UniqueIdentifier>
      <Extensions>h;hh;hpp;hxx;h++;hm;inl;inc;ipp;xsd</Extensions>
    </Filter>
    <Filter Include="资源文件">
      <UniqueIdentifier>{67DA6AB6-F800-4c08-8B7A-83BB121AAD01}</UniqueIdentifier>
      <Extensions>rc;ico;cur;bmp;dlg;rc2;rct;bin;rgs;gif;jpg;jpeg;jpe;resx;tiff;tif;png;wav;mfcribbon-ms</Extensions>
    </Filter>
  </ItemGroup>
  <ItemGroup>
    <ClCompile Include="MyBusiness.cpp">
      <Filter>源文件</Filter>
    </ClCompile>
    <ClCompile Include="jsoncpp\lib_json\json_reader.cpp">
      <Filter>源文件</Filter>
    </ClCompile>
    <ClCompile Include="jsoncpp\lib_json\json_value.cpp">
      <Filter>源文件</Filter>
    </ClCompile>
    <ClCompile Include="jsoncpp\lib_json\json_writer.cpp">
      <Filter>源文件</Filter>
    </ClCompile>
    <ClCompile Include="threadpool\MyList.cpp">
      <Filter>源文件</Filter>
    </ClCompile>
    <ClCompile Include="threadpool\MyMutex.cpp">
      <Filter>源文件</Filter>
    </ClCompile>
    <ClCompile Include="threadpool\MyQueue.cpp">
      <Filter>源文件</Filter>
    </ClCompile>
    <ClCompile Include="threadpool\MyStack.cpp">
      <Filter>源文件</Filter>
    </ClCompile>
    <ClCompile Include="threadpool\MyThread.cpp">
      <Filter>源文件</Filter>
    </ClCompile>
    <ClCompile Include="threadpool\MyThreadPool.cpp">
      <Filter>源文件</Filter>
    </ClCompile>
    <ClCompile Include="threadpool\Task.cpp">
      <Filter>源文件</Filter>
    </ClCompile>
    <ClCompile Include="threadpool\TestTask.cpp">
      <Filter>源文件</Filter>
    </ClCompile>
    <ClCompile Include="tinyxml\tinystr.cpp">
      <Filter>源文件</Filter>
    </ClCompile>
    <ClCompile Include="tinyxml\tinyxml.cpp">
      <Filter>源文件</Filter>
    </ClCompile>
    <ClCompile Include="tinyxml\tinyxmlerror.cpp">
      <Filter>源文件</Filter>
    </ClCompile>
    <ClCompile Include="tinyxml\tinyxmlparser.cpp">
      <Filter>源文件</Filter>
    </ClCompile>
    <ClCompile Include="TunnalHandle.cpp">
      <Filter>源文件</Filter>
    </ClCompile>
    <ClCompile Include="Assistant.cpp">
      <Filter>源文件</Filter>
    </ClCompile>
    <ClCompile Include="DesktopHandle.cpp">
      <Filter>源文件</Filter>
    </ClCompile>
  </ItemGroup>
  <ItemGroup>
    <ClInclude Include="jsoncpp\json\allocator.h">
      <Filter>头文件</Filter>
    </ClInclude>
    <ClInclude Include="jsoncpp\json\assertions.h">
      <Filter>头文件</Filter>
    </ClInclude>
    <ClInclude Include="jsoncpp\json\config.h">
      <Filter>头文件</Filter>
    </ClInclude>
    <ClInclude Include="jsoncpp\json\forwards.h">
      <Filter>头文件</Filter>
    </ClInclude>
    <ClInclude Include="jsoncpp\json\json.h">
      <Filter>头文件</Filter>
    </ClInclude>
    <ClInclude Include="jsoncpp\json\json_features.h">
      <Filter>头文件</Filter>
    </ClInclude>
    <ClInclude Include="jsoncpp\json\reader.h">
      <Filter>头文件</Filter>
    </ClInclude>
    <ClInclude Include="jsoncpp\json\value.h">
      <Filter>头文件</Filter>
    </ClInclude>
    <ClInclude Include="jsoncpp\json\version.h">
      <Filter>头文件</Filter>
    </ClInclude>
    <ClInclude Include="jsoncpp\json\writer.h">
      <Filter>头文件</Filter>
    </ClInclude>
    <ClInclude Include="jsoncpp\lib_json\json_tool.h">
      <Filter>头文件</Filter>
    </ClInclude>
    <ClInclude Include="threadpool\MyList.h">
      <Filter>头文件</Filter>
    </ClInclude>
    <ClInclude Include="threadpool\MyMutex.h">
      <Filter>头文件</Filter>
    </ClInclude>
    <ClInclude Include="threadpool\MyQueue.h">
      <Filter>头文件</Filter>
    </ClInclude>
    <ClInclude Include="threadpool\MyStack.h">
      <Filter>头文件</Filter>
    </ClInclude>
    <ClInclude Include="threadpool\MyThread.h">
      <Filter>头文件</Filter>
    </ClInclude>
    <ClInclude Include="threadpool\MyThreadPool.h">
      <Filter>头文件</Filter>
    </ClInclude>
    <ClInclude Include="threadpool\Task.h">
      <Filter>头文件</Filter>
    </ClInclude>
    <ClInclude Include="threadpool\TestTask.h">
      <Filter>头文件</Filter>
    </ClInclude>
    <ClInclude Include="tinyxml\tinystr.h">
      <Filter>头文件</Filter>
    </ClInclude>
    <ClInclude Include="tinyxml\tinyxml.h">
      <Filter>头文件</Filter>
    </ClInclude>
    <ClInclude Include="TunnalHandle.h">
      <Filter>头文件</Filter>
    </ClInclude>
    <ClInclude Include="Assistant.h">
      <Filter>头文件</Filter>
    </ClInclude>
    <ClInclude Include="CDebug.h">
      <Filter>头文件</Filter>
    </ClInclude>
    <ClInclude Include="DesktopHandle.h">
      <Filter>头文件</Filter>
    </ClInclude>
    <ClInclude Include="ManualHandle.h">
      <Filter>头文件</Filter>
    </ClInclude>
  </ItemGroup>
  <ItemGroup>
    <None Include="jsoncpp\lib_json\json_valueiterator.inl">
      <Filter>头文件</Filter>
    </None>
  </ItemGroup>
</Project>